
Microsoft Visual Studio Solution File, Format Version 12.00
# Visual Studio Version 17
VisualStudioVersion = 17.6.33723.286
MinimumVisualStudioVersion = 10.0.40219.1
Project("{FAE04EC0-301F-11D3-BF4B-00C04F79EFBC}") = "Testy_jednostkowe", "Testy_jednostkowe.csproj", "{88125ED1-44BC-44D9-9890-BDD4000DD980}"
EndProject
Global
	GlobalSection(SolutionConfigurationPlatforms) = preSolution
		Debug|Any CPU = Debug|Any CPU
		Release|Any CPU = Release|Any CPU
	EndGlobalSection
	GlobalSection(ProjectConfigurationPlatforms) = postSolution
		{88125ED1-44BC-44D9-9890-BDD4000DD980}.Debug|Any CPU.ActiveCfg = Debug|Any CPU
		{88125ED1-44BC-44D9-9890-BDD4000DD980}.Debug|Any CPU.Build.0 = Debug|Any CPU
		{88125ED1-44BC-44D9-9890-BDD4000DD980}.Release|Any CPU.ActiveCfg = Release|Any CPU
		{88125ED1-44BC-44D9-9890-BDD4000DD980}.Release|Any CPU.Build.0 = Release|Any CPU
	EndGlobalSection
	GlobalSection(SolutionProperties) = preSolution
		HideSolutionNode = FALSE
	EndGlobalSection
	GlobalSection(ExtensibilityGlobals) = postSolution
		SolutionGuid = {3600AA02-0291-435E-BEA5-A00CFF296F48}
	EndGlobalSection
EndGlobal
